
Microsoft Visual Studio Solution File, Format Version 12.00
# Visual Studio Version 17
VisualStudioVersion = 17.6.33815.320
MinimumVisualStudioVersion = 10.0.40219.1
Project("{FAE04EC0-301F-11D3-BF4B-00C04F79EFBC}") = "Task1", "Task1\Task1.csproj", "{B75AEC26-4659-4053-8235-6EA1CB360BEE}"
EndProject
Project("{FAE04EC0-301F-11D3-BF4B-00C04F79EFBC}") = "Task2", "Task2\Task2.csproj", "{51706266-A1B6-485F-914B-D2413ED0D5A2}"
EndProject
Global
	GlobalSection(SolutionConfigurationPlatforms) = preSolution
		Debug|Any CPU = Debug|Any CPU
		Release|Any CPU = Release|Any CPU
	EndGlobalSection
	GlobalSection(ProjectConfigurationPlatforms) = postSolution
		{B75AEC26-4659-4053-8235-6EA1CB360BEE}.Debug|Any CPU.ActiveCfg = Debug|Any CPU
		{B75AEC26-4659-4053-8235-6EA1CB360BEE}.Debug|Any CPU.Build.0 = Debug|Any CPU
		{B75AEC26-4659-4053-8235-6EA1CB360BEE}.Release|Any CPU.ActiveCfg = Release|Any CPU
		{B75AEC26-4659-4053-8235-6EA1CB360BEE}.Release|Any CPU.Build.0 = Release|Any CPU
		{51706266-A1B6-485F-914B-D2413ED0D5A2}.Debug|Any CPU.ActiveCfg = Debug|Any CPU
		{51706266-A1B6-485F-914B-D2413ED0D5A2}.Debug|Any CPU.Build.0 = Debug|Any CPU
		{51706266-A1B6-485F-914B-D2413ED0D5A2}.Release|Any CPU.ActiveCfg = Release|Any CPU
		{51706266-A1B6-485F-914B-D2413ED0D5A2}.Release|Any CPU.Build.0 = Release|Any CPU
	EndGlobalSection
	GlobalSection(SolutionProperties) = preSolution
		HideSolutionNode = FALSE
	EndGlobalSection
	GlobalSection(ExtensibilityGlobals) = postSolution
		SolutionGuid = {1CF939D9-3FD5-4479-9E79-08BFF13E72AA}
	EndGlobalSection
EndGlobal
